
Microsoft Visual Studio Solution File, Format Version 12.00
# Visual Studio Version 16
VisualStudioVersion = 16.0.31624.102
MinimumVisualStudioVersion = 10.0.40219.1
Project("{8BC9CEB8-8B4A-11D0-8D11-00A0C91BC942}") = "Brick_out_game", "Brick_out_game\Brick_out_game.vcxproj", "{E69ED062-26C1-4AD3-B19C-2B8FE8BB7EF2}"
EndProject
Global
	GlobalSection(SolutionConfigurationPlatforms) = preSolution
		Debug|x64 = Debug|x64
		Debug|x86 = Debug|x86
		Release|x64 = Release|x64
		Release|x86 = Release|x86
	EndGlobalSection
	GlobalSection(ProjectConfigurationPlatforms) = postSolution
		{E69ED062-26C1-4AD3-B19C-2B8FE8BB7EF2}.Debug|x64.ActiveCfg = Debug|x64
		{E69ED062-26C1-4AD3-B19C-2B8FE8BB7EF2}.Debug|x64.Build.0 = Debug|x64
		{E69ED062-26C1-4AD3-B19C-2B8FE8BB7EF2}.Debug|x86.ActiveCfg = Debug|Win32
		{E69ED062-26C1-4AD3-B19C-2B8FE8BB7EF2}.Debug|x86.Build.0 = Debug|Win32
		{E69ED062-26C1-4AD3-B19C-2B8FE8BB7EF2}.Release|x64.ActiveCfg = Release|x64
		{E69ED062-26C1-4AD3-B19C-2B8FE8BB7EF2}.Release|x64.Build.0 = Release|x64
		{E69ED062-26C1-4AD3-B19C-2B8FE8BB7EF2}.Release|x86.ActiveCfg = Release|Win32
		{E69ED062-26C1-4AD3-B19C-2B8FE8BB7EF2}.Release|x86.Build.0 = Release|Win32
	EndGlobalSection
	GlobalSection(SolutionProperties) = preSolution
		HideSolutionNode = FALSE
	EndGlobalSection
	GlobalSection(ExtensibilityGlobals) = postSolution
		SolutionGuid = {7F5A3603-B569-41CA-BDAE-ABB632B41306}
	EndGlobalSection
EndGlobal
